// !$*UTF8*$!
{
	archiveVersion = 1;
	classes = {
	};
	objectVersion = 56;
	objects = {

/* Begin PBXBuildFile section */
		043193CD291699DC00B807CA /* AppDelegate.swift in Sources */ = {isa = PBXBuildFile; fileRef = 043193CC291699DC00B807CA /* AppDelegate.swift */; };
		043193CF291699DC00B807CA /* SceneDelegate.swift in Sources */ = {isa = PBXBuildFile; fileRef = 043193CE291699DC00B807CA /* SceneDelegate.swift */; };
		043193D1291699DC00B807CA /* ViewController.swift in Sources */ = {isa = PBXBuildFile; fileRef = 043193D0291699DC00B807CA /* ViewController.swift */; };
		043193D4291699DC00B807CA /* Main.storyboard in Resources */ = {isa = PBXBuildFile; fileRef = 043193D2291699DC00B807CA /* Main.storyboard */; };
		043193D6291699DD00B807CA /* Assets.xcassets in Resources */ = {isa = PBXBuildFile; fileRef = 043193D5291699DD00B807CA /* Assets.xcassets */; };
		043193D9291699DD00B807CA /* LaunchScreen.storyboard in Resources */ = {isa = PBXBuildFile; fileRef = 043193D7291699DD00B807CA /* LaunchScreen.storyboard */; };
		043193EC2916DB9A00B807CA /* RxCocoa in Frameworks */ = {isa = PBXBuildFile; productRef = 043193EB2916DB9A00B807CA /* RxCocoa */; };
		043193EE2916DB9A00B807CA /* RxRelay in Frameworks */ = {isa = PBXBuildFile; productRef = 043193ED2916DB9A00B807CA /* RxRelay */; };
		043193F02916DB9A00B807CA /* RxSwift in Frameworks */ = {isa = PBXBuildFile; productRef = 043193EF2916DB9A00B807CA /* RxSwift */; };
		043193F52916DBA400B807CA /* SnapKit in Frameworks */ = {isa = PBXBuildFile; productRef = 043193F42916DBA400B807CA /* SnapKit */; };
		043193F72916DEB100B807CA /* ViewModel.swift in Sources */ = {isa = PBXBuildFile; fileRef = 043193F62916DEB100B807CA /* ViewModel.swift */; };
/* End PBXBuildFile section */

/* Begin PBXFileReference section */
		043193C9291699DC00B807CA /* RxTimer.app */ = {isa = PBXFileReference; explicitFileType = wrapper.application; includeInIndex = 0; path = RxTimer.app; sourceTree = BUILT_PRODUCTS_DIR; };
		043193CC291699DC00B807CA /* AppDelegate.swift */ = {isa = PBXFileReference; lastKnownFileType = sourcecode.swift; path = AppDelegate.swift; sourceTree = "<group>"; };
		043193CE291699DC00B807CA /* SceneDelegate.swift */ = {isa = PBXFileReference; lastKnownFileType = sourcecode.swift; path = SceneDelegate.swift; sourceTree = "<group>"; };
		043193D0291699DC00B807CA /* ViewController.swift */ = {isa = PBXFileReference; lastKnownFileType = sourcecode.swift; path = ViewController.swift; sourceTree = "<group>"; };
		043193D3291699DC00B807CA /* Base */ = {isa = PBXFileReference; lastKnownFileType = file.storyboard; name = Base; path = Base.lproj/Main.storyboard; sourceTree = "<group>"; };
		043193D5291699DD00B807CA /* Assets.xcassets */ = {isa = PBXFileReference; lastKnownFileType = folder.assetcatalog; path = Assets.xcassets; sourceTree = "<group>"; };
		043193D8291699DD00B807CA /* Base */ = {isa = PBXFileReference; lastKnownFileType = file.storyboard; name = Base; path = Base.lproj/LaunchScreen.storyboard; sourceTree = "<group>"; };
		043193DA291699DD00B807CA /* Info.plist */ = {isa = PBXFileReference; lastKnownFileType = text.plist.xml; path = Info.plist; sourceTree = "<group>"; };
		043193F62916DEB100B807CA /* ViewModel.swift */ = {isa = PBXFileReference; lastKnownFileType = sourcecode.swift; path = ViewModel.swift; sourceTree = "<group>"; };
/* End PBXFileReference section */

/* Begin PBXFrameworksBuildPhase section */
		043193C6291699DC00B807CA /* Frameworks */ = {
			isa = PBXFrameworksBuildPhase;
			buildActionMask = 2147483647;
			files = (
				043193F02916DB9A00B807CA /* RxSwift in Frameworks */,
				043193EE2916DB9A00B807CA /* RxRelay in Frameworks */,
				043193EC2916DB9A00B807CA /* RxCocoa in Frameworks */,
				043193F52916DBA400B807CA /* SnapKit in Frameworks */,
			);
			runOnlyForDeploymentPostprocessing = 0;
		};
/* End PBXFrameworksBuildPhase section */

/* Begin PBXGroup section */
		043193C0291699DC00B807CA = {
			isa = PBXGroup;
			children = (
				043193CB291699DC00B807CA /* RxTimer */,
				043193CA291699DC00B807CA /* Products */,
			);
			sourceTree = "<group>";
		};
		043193CA291699DC00B807CA /* Products */ = {
			isa = PBXGroup;
			children = (
				043193C9291699DC00B807CA /* RxTimer.app */,
			);
			name = Products;
			sourceTree = "<group>";
		};
		043193CB291699DC00B807CA /* RxTimer */ = {
			isa = PBXGroup;
			children = (
				043193CC291699DC00B807CA /* AppDelegate.swift */,
				043193CE291699DC00B807CA /* SceneDelegate.swift */,
				043193D0291699DC00B807CA /* ViewController.swift */,
				043193F62916DEB100B807CA /* ViewModel.swift */,
				043193D2291699DC00B807CA /* Main.storyboard */,
				043193D5291699DD00B807CA /* Assets.xcassets */,
				043193D7291699DD00B807CA /* LaunchScreen.storyboard */,
				043193DA291699DD00B807CA /* Info.plist */,
			);
			path = RxTimer;
			sourceTree = "<group>";
		};
/* End PBXGroup section */

/* Begin PBXNativeTarget section */
		043193C8291699DC00B807CA /* RxTimer */ = {
			isa = PBXNativeTarget;
			buildConfigurationList = 043193DD291699DD00B807CA /* Build configuration list for PBXNativeTarget "RxTimer" */;
			buildPhases = (
				043193C5291699DC00B807CA /* Sources */,
				043193C6291699DC00B807CA /* Frameworks */,
				043193C7291699DC00B807CA /* Resources */,
			);
			buildRules = (
			);
			dependencies = (
			);
			name = RxTimer;
			packageProductDependencies = (
				043193EB2916DB9A00B807CA /* RxCocoa */,
				043193ED2916DB9A00B807CA /* RxRelay */,
				043193EF2916DB9A00B807CA /* RxSwift */,
				043193F42916DBA400B807CA /* SnapKit */,
			);
			productName = RxTimer;
			productReference = 043193C9291699DC00B807CA /* RxTimer.app */;
			productType = "com.apple.product-type.application";
		};
/* End PBXNativeTarget section */

/* Begin PBXProject section */
		043193C1291699DC00B807CA /* Project object */ = {
			isa = PBXProject;
			attributes = {
				BuildIndependentTargetsInParallel = 1;
				LastSwiftUpdateCheck = 1400;
				LastUpgradeCheck = 1400;
				TargetAttributes = {
					043193C8291699DC00B807CA = {
						CreatedOnToolsVersion = 14.0.1;
					};
				};
			};
			buildConfigurationList = 043193C4291699DC00B807CA /* Build configuration list for PBXProject "RxTimer" */;
			compatibilityVersion = "Xcode 14.0";
			developmentRegion = en;
			hasScannedForEncodings = 0;
			knownRegions = (
				en,
				Base,
			);
			mainGroup = 043193C0291699DC00B807CA;
			packageReferences = (
				043193EA2916DB9A00B807CA /* XCRemoteSwiftPackageReference "RxSwift" */,
				043193F32916DBA400B807CA /* XCRemoteSwiftPackageReference "SnapKit" */,
			);
			productRefGroup = 043193CA291699DC00B807CA /* Products */;
			projectDirPath = "";
			projectRoot = "";
			targets = (
				043193C8291699DC00B807CA /* RxTimer */,
			);
		};
/* End PBXProject section */

/* Begin PBXResourcesBuildPhase section */
		043193C7291699DC00B807CA /* Resources */ = {
			isa = PBXResourcesBuildPhase;
			buildActionMask = 2147483647;
			files = (
				043193D9291699DD00B807CA /* LaunchScreen.storyboard in Resources */,
				043193D6291699DD00B807CA /* Assets.xcassets in Resources */,
				043193D4291699DC00B807CA /* Main.storyboard in Resources */,
			);
			runOnlyForDeploymentPostprocessing = 0;
		};
/* End PBXResourcesBuildPhase section */

/* Begin PBXSourcesBuildPhase section */
		043193C5291699DC00B807CA /* Sources */ = {
			isa = PBXSourcesBuildPhase;
			buildActionMask = 2147483647;
			files = (
				043193D1291699DC00B807CA /* ViewController.swift in Sources */,
				043193CD291699DC00B807CA /* AppDelegate.swift in Sources */,
				043193F72916DEB100B807CA /* ViewModel.swift in Sources */,
				043193CF291699DC00B807CA /* SceneDelegate.swift in Sources */,
			);
			runOnlyForDeploymentPostprocessing = 0;
		};
/* End PBXSourcesBuildPhase section */

/* Begin PBXVariantGroup section */
		043193D2291699DC00B807CA /* Main.storyboard */ = {
			isa = PBXVariantGroup;
			children = (
				043193D3291699DC00B807CA /* Base */,
			);
			name = Main.storyboard;
			sourceTree = "<group>";
		};
		043193D7291699DD00B807CA /* LaunchScreen.storyboard */ = {
			isa = PBXVariantGroup;
			children = (
				043193D8291699DD00B807CA /* Base */,
			);
			name = LaunchScreen.storyboard;
			sourceTree = "<group>";
		};
/* End PBXVariantGroup section */

/* Begin XCBuildConfiguration section */
		043193DB291699DD00B807CA /* Debug */ = {
			isa = XCBuildConfiguration;
			buildSettings = {
				ALWAYS_SEARCH_USER_PATHS = NO;
				CLANG_ANALYZER_NONNULL = YES;
				CLANG_ANALYZER_NUMBER_OBJECT_CONVERSION = YES_AGGRESSIVE;
				CLANG_CXX_LANGUAGE_STANDARD = "gnu++20";
				CLANG_ENABLE_MODULES = YES;
				CLANG_ENABLE_OBJC_ARC = YES;
				CLANG_ENABLE_OBJC_WEAK = YES;
				CLANG_WARN_BLOCK_CAPTURE_AUTORELEASING = YES;
				CLANG_WARN_BOOL_CONVERSION = YES;
				CLANG_WARN_COMMA = YES;
				CLANG_WARN_CONSTANT_CONVERSION = YES;
				CLANG_WARN_DEPRECATED_OBJC_IMPLEMENTATIONS = YES;
				CLANG_WARN_DIRECT_OBJC_ISA_USAGE = YES_ERROR;
				CLANG_WARN_DOCUMENTATION_COMMENTS = YES;
				CLANG_WARN_EMPTY_BODY = YES;
				CLANG_WARN_ENUM_CONVERSION = YES;
				CLANG_WARN_INFINITE_RECURSION = YES;
				CLANG_WARN_INT_CONVERSION = YES;
				CLANG_WARN_NON_LITERAL_NULL_CONVERSION = YES;
				CLANG_WARN_OBJC_IMPLICIT_RETAIN_SELF = YES;
				CLANG_WARN_OBJC_LITERAL_CONVERSION = YES;
				CLANG_WARN_OBJC_ROOT_CLASS = YES_ERROR;
				CLANG_WARN_QUOTED_INCLUDE_IN_FRAMEWORK_HEADER = YES;
				CLANG_WARN_RANGE_LOOP_ANALYSIS = YES;
				CLANG_WARN_STRICT_PROTOTYPES = YES;
				CLANG_WARN_SUSPICIOUS_MOVE = YES;
				CLANG_WARN_UNGUARDED_AVAILABILITY = YES_AGGRESSIVE;
				CLANG_WARN_UNREACHABLE_CODE = YES;
				CLANG_WARN__DUPLICATE_METHOD_MATCH = YES;
				COPY_PHASE_STRIP = NO;
				DEBUG_INFORMATION_FORMAT = dwarf;
				ENABLE_STRICT_OBJC_MSGSEND = YES;
				ENABLE_TESTABILITY = YES;
				GCC_C_LANGUAGE_STANDARD = gnu11;
				GCC_DYNAMIC_NO_PIC = NO;
				GCC_NO_COMMON_BLOCKS = YES;
				GCC_OPTIMIZATION_LEVEL = 0;
				GCC_PREPROCESSOR_DEFINITIONS = (
					"DEBUG=1",
					"$(inherited)",
				);
				GCC_WARN_64_TO_32_BIT_CONVERSION = YES;
				GCC_WARN_ABOUT_RETURN_TYPE = YES_ERROR;
				GCC_WARN_UNDECLARED_SELECTOR = YES;
				GCC_WARN_UNINITIALIZED_AUTOS = YES_AGGRESSIVE;
				GCC_WARN_UNUSED_FUNCTION = YES;
				GCC_WARN_UNUSED_VARIABLE = YES;
				IPHONEOS_DEPLOYMENT_TARGET = 16.0;
				MTL_ENABLE_DEBUG_INFO = INCLUDE_SOURCE;
				MTL_FAST_MATH = YES;
				ONLY_ACTIVE_ARCH = YES;
				SDKROOT = iphoneos;
				SWIFT_ACTIVE_COMPILATION_CONDITIONS = DEBUG;
				SWIFT_OPTIMIZATION_LEVEL = "-Onone";
			};
			name = Debug;
		};
		043193DC291699DD00B807CA /* Release */ = {
			isa = XCBuildConfiguration;
			buildSettings = {
				ALWAYS_SEARCH_USER_PATHS = NO;
				CLANG_ANALYZER_NONNULL = YES;
				CLANG_ANALYZER_NUMBER_OBJECT_CONVERSION = YES_AGGRESSIVE;
				CLANG_CXX_LANGUAGE_STANDARD = "gnu++20";
				CLANG_ENABLE_MODULES = YES;
				CLANG_ENABLE_OBJC_ARC = YES;
				CLANG_ENABLE_OBJC_WEAK = YES;
				CLANG_WARN_BLOCK_CAPTURE_AUTORELEASING = YES;
				CLANG_WARN_BOOL_CONVERSION = YES;
				CLANG_WARN_COMMA = YES;
				CLANG_WARN_CONSTANT_CONVERSION = YES;
				CLANG_WARN_DEPRECATED_OBJC_IMPLEMENTATIONS = YES;
				CLANG_WARN_DIRECT_OBJC_ISA_USAGE = YES_ERROR;
				CLANG_WARN_DOCUMENTATION_COMMENTS = YES;
				CLANG_WARN_EMPTY_BODY = YES;
				CLANG_WARN_ENUM_CONVERSION = YES;
				CLANG_WARN_INFINITE_RECURSION = YES;
				CLANG_WARN_INT_CONVERSION = YES;
				CLANG_WARN_NON_LITERAL_NULL_CONVERSION = YES;
				CLANG_WARN_OBJC_IMPLICIT_RETAIN_SELF = YES;
				CLANG_WARN_OBJC_LITERAL_CONVERSION = YES;
				CLANG_WARN_OBJC_ROOT_CLASS = YES_ERROR;
				CLANG_WARN_QUOTED_INCLUDE_IN_FRAMEWORK_HEADER = YES;
				CLANG_WARN_RANGE_LOOP_ANALYSIS = YES;
				CLANG_WARN_STRICT_PROTOTYPES = YES;
				CLANG_WARN_SUSPICIOUS_MOVE = YES;
				CLANG_WARN_UNGUARDED_AVAILABILITY = YES_AGGRESSIVE;
				CLANG_WARN_UNREACHABLE_CODE = YES;
				CLANG_WARN__DUPLICATE_METHOD_MATCH = YES;
				COPY_PHASE_STRIP = NO;
				DEBUG_INFORMATION_FORMAT = "dwarf-with-dsym";
				ENABLE_NS_ASSERTIONS = NO;
				ENABLE_STRICT_OBJC_MSGSEND = YES;
				GCC_C_LANGUAGE_STANDARD = gnu11;
				GCC_NO_COMMON_BLOCKS = YES;
				GCC_WARN_64_TO_32_BIT_CONVERSION = YES;
				GCC_WARN_ABOUT_RETURN_TYPE = YES_ERROR;
				GCC_WARN_UNDECLARED_SELECTOR = YES;
				GCC_WARN_UNINITIALIZED_AUTOS = YES_AGGRESSIVE;
				GCC_WARN_UNUSED_FUNCTION = YES;
				GCC_WARN_UNUSED_VARIABLE = YES;
				IPHONEOS_DEPLOYMENT_TARGET = 16.0;
				MTL_ENABLE_DEBUG_INFO = NO;
				MTL_FAST_MATH = YES;
				SDKROOT = iphoneos;
				SWIFT_COMPILATION_MODE = wholemodule;
				SWIFT_OPTIMIZATION_LEVEL = "-O";
				VALIDATE_PRODUCT = YES;
			};
			name = Release;
		};
		043193DE291699DD00B807CA /* Debug */ = {
			isa = XCBuildConfiguration;
			buildSettings = {
				ASSETCATALOG_COMPILER_APPICON_NAME = AppIcon;
				ASSETCATALOG_COMPILER_GLOBAL_ACCENT_COLOR_NAME = AccentColor;
				CODE_SIGN_STYLE = Automatic;
				CURRENT_PROJECT_VERSION = 1;
				DEVELOPMENT_TEAM = TDUR55YWW6;
				GENERATE_INFOPLIST_FILE = YES;
				INFOPLIST_FILE = RxTimer/Info.plist;
				INFOPLIST_KEY_UIApplicationSupportsIndirectInputEvents = YES;
				INFOPLIST_KEY_UILaunchStoryboardName = LaunchScreen;
				INFOPLIST_KEY_UIMainStoryboardFile = Main;
				INFOPLIST_KEY_UISupportedInterfaceOrientations_iPad = "UIInterfaceOrientationPortrait UIInterfaceOrientationPortraitUpsideDown UIInterfaceOrientationLandscapeLeft UIInterfaceOrientationLandscapeRight";
				INFOPLIST_KEY_UISupportedInterfaceOrientations_iPhone = "UIInterfaceOrientationPortrait UIInterfaceOrientationLandscapeLeft UIInterfaceOrientationLandscapeRight";
				LD_RUNPATH_SEARCH_PATHS = (
					"$(inherited)",
					"@executable_path/Frameworks",
				);
				MARKETING_VERSION = 1.0;
				PRODUCT_BUNDLE_IDENTIFIER = com.ognam.RxTimer;
				PRODUCT_NAME = "$(TARGET_NAME)";
				SWIFT_EMIT_LOC_STRINGS = YES;
				SWIFT_VERSION = 5.0;
				TARGETED_DEVICE_FAMILY = "1,2";
			};
			name = Debug;
		};
		043193DF291699DD00B807CA /* Release */ = {
			isa = XCBuildConfiguration;
			buildSettings = {
				ASSETCATALOG_COMPILER_APPICON_NAME = AppIcon;
				ASSETCATALOG_COMPILER_GLOBAL_ACCENT_COLOR_NAME = AccentColor;
				CODE_SIGN_STYLE = Automatic;
				CURRENT_PROJECT_VERSION = 1;
				DEVELOPMENT_TEAM = TDUR55YWW6;
				GENERATE_INFOPLIST_FILE = YES;
				INFOPLIST_FILE = RxTimer/Info.plist;
				INFOPLIST_KEY_UIApplicationSupportsIndirectInputEvents = YES;
				INFOPLIST_KEY_UILaunchStoryboardName = LaunchScreen;
				INFOPLIST_KEY_UIMainStoryboardFile = Main;
				INFOPLIST_KEY_UISupportedInterfaceOrientations_iPad = "UIInterfaceOrientationPortrait UIInterfaceOrientationPortraitUpsideDown UIInterfaceOrientationLandscapeLeft UIInterfaceOrientationLandscapeRight";
				INFOPLIST_KEY_UISupportedInterfaceOrientations_iPhone = "UIInterfaceOrientationPortrait UIInterfaceOrientationLandscapeLeft UIInterfaceOrientationLandscapeRight";
				LD_RUNPATH_SEARCH_PATHS = (
					"$(inherited)",
					"@executable_path/Frameworks",
				);
				MARKETING_VERSION = 1.0;
				PRODUCT_BUNDLE_IDENTIFIER = com.ognam.RxTimer;
				PRODUCT_NAME = "$(TARGET_NAME)";
				SWIFT_EMIT_LOC_STRINGS = YES;
				SWIFT_VERSION = 5.0;
				TARGETED_DEVICE_FAMILY = "1,2";
			};
			name = Release;
		};
/* End XCBuildConfiguration section */

/* Begin XCConfigurationList section */
		043193C4291699DC00B807CA /* Build configuration list for PBXProject "RxTimer" */ = {
			isa = XCConfigurationList;
			buildConfigurations = (
				043193DB291699DD00B807CA /* Debug */,
				043193DC291699DD00B807CA /* Release */,
			);
			defaultConfigurationIsVisible = 0;
			defaultConfigurationName = Release;
		};
		043193DD291699DD00B807CA /* Build configuration list for PBXNativeTarget "RxTimer" */ = {
			isa = XCConfigurationList;
			buildConfigurations = (
				043193DE291699DD00B807CA /* Debug */,
				043193DF291699DD00B807CA /* Release */,
			);
			defaultConfigurationIsVisible = 0;
			defaultConfigurationName = Release;
		};
/* End XCConfigurationList section */

/* Begin XCRemoteSwiftPackageReference section */
		043193EA2916DB9A00B807CA /* XCRemoteSwiftPackageReference "RxSwift" */ = {
			isa = XCRemoteSwiftPackageReference;
			repositoryURL = "https://github.com/ReactiveX/RxSwift.git";
			requirement = {
				branch = main;
				kind = branch;
			};
		};
		043193F32916DBA400B807CA /* XCRemoteSwiftPackageReference "SnapKit" */ = {
			isa = XCRemoteSwiftPackageReference;
			repositoryURL = "https://github.com/SnapKit/SnapKit";
			requirement = {
				branch = develop;
				kind = branch;
			};
		};
/* End XCRemoteSwiftPackageReference section */

/* Begin XCSwiftPackageProductDependency section */
		043193EB2916DB9A00B807CA /* RxCocoa */ = {
			isa = XCSwiftPackageProductDependency;
			package = 043193EA2916DB9A00B807CA /* XCRemoteSwiftPackageReference "RxSwift" */;
			productName = RxCocoa;
		};
		043193ED2916DB9A00B807CA /* RxRelay */ = {
			isa = XCSwiftPackageProductDependency;
			package = 043193EA2916DB9A00B807CA /* XCRemoteSwiftPackageReference "RxSwift" */;
			productName = RxRelay;
		};
		043193EF2916DB9A00B807CA /* RxSwift */ = {
			isa = XCSwiftPackageProductDependency;
			package = 043193EA2916DB9A00B807CA /* XCRemoteSwiftPackageReference "RxSwift" */;
			productName = RxSwift;
		};
		043193F42916DBA400B807CA /* SnapKit */ = {
			isa = XCSwiftPackageProductDependency;
			package = 043193F32916DBA400B807CA /* XCRemoteSwiftPackageReference "SnapKit" */;
			productName = SnapKit;
		};
/* End XCSwiftPackageProductDependency section */
	};
	rootObject = 043193C1291699DC00B807CA /* Project object */;
}
